
Microsoft Visual Studio Solution File, Format Version 12.00
# Visual Studio 15
VisualStudioVersion = 15.0.27428.2002
MinimumVisualStudioVersion = 10.0.40219.1
Project("{FAE04EC0-301F-11D3-BF4B-00C04F79EFBC}") = "Net.FairfieldTek.Hocr", "Hocr\Net.FairfieldTek.Hocr.csproj", "{B66E2D37-3E66-4033-87D2-37AD3485A549}"
EndProject
Project("{FAE04EC0-301F-11D3-BF4B-00C04F79EFBC}") = "Hocr.Cmd", "Hocr.Cmd\Hocr.Cmd.csproj", "{A995D5CA-0A00-45ED-812B-110EE38D8FE7}"
EndProject
Global
	GlobalSection(SolutionConfigurationPlatforms) = preSolution
		Debug|Any CPU = Debug|Any CPU
		Debug|x64 = Debug|x64
		Debug|x86 = Debug|x86
		Release|Any CPU = Release|Any CPU
		Release|x64 = Release|x64
		Release|x86 = Release|x86
	EndGlobalSection
	GlobalSection(ProjectConfigurationPlatforms) = postSolution
		{B66E2D37-3E66-4033-87D2-37AD3485A549}.Debug|Any CPU.ActiveCfg = Debug|Any CPU
		{B66E2D37-3E66-4033-87D2-37AD3485A549}.Debug|Any CPU.Build.0 = Debug|Any CPU
		{B66E2D37-3E66-4033-87D2-37AD3485A549}.Debug|x64.ActiveCfg = Debug|x64
		{B66E2D37-3E66-4033-87D2-37AD3485A549}.Debug|x64.Build.0 = Debug|x64
		{B66E2D37-3E66-4033-87D2-37AD3485A549}.Debug|x86.ActiveCfg = Debug|x86
		{B66E2D37-3E66-4033-87D2-37AD3485A549}.Debug|x86.Build.0 = Debug|x86
		{B66E2D37-3E66-4033-87D2-37AD3485A549}.Release|Any CPU.ActiveCfg = Release|Any CPU
		{B66E2D37-3E66-4033-87D2-37AD3485A549}.Release|Any CPU.Build.0 = Release|Any CPU
		{B66E2D37-3E66-4033-87D2-37AD3485A549}.Release|x64.ActiveCfg = Release|x64
		{B66E2D37-3E66-4033-87D2-37AD3485A549}.Release|x64.Build.0 = Release|x64
		{B66E2D37-3E66-4033-87D2-37AD3485A549}.Release|x86.ActiveCfg = Release|x86
		{B66E2D37-3E66-4033-87D2-37AD3485A549}.Release|x86.Build.0 = Release|x86
		{A995D5CA-0A00-45ED-812B-110EE38D8FE7}.Debug|Any CPU.ActiveCfg = Debug|Any CPU
		{A995D5CA-0A00-45ED-812B-110EE38D8FE7}.Debug|Any CPU.Build.0 = Debug|Any CPU
		{A995D5CA-0A00-45ED-812B-110EE38D8FE7}.Debug|x64.ActiveCfg = Debug|x64
		{A995D5CA-0A00-45ED-812B-110EE38D8FE7}.Debug|x64.Build.0 = Debug|x64
		{A995D5CA-0A00-45ED-812B-110EE38D8FE7}.Debug|x86.ActiveCfg = Debug|x86
		{A995D5CA-0A00-45ED-812B-110EE38D8FE7}.Debug|x86.Build.0 = Debug|x86
		{A995D5CA-0A00-45ED-812B-110EE38D8FE7}.Release|Any CPU.ActiveCfg = Release|Any CPU
		{A995D5CA-0A00-45ED-812B-110EE38D8FE7}.Release|Any CPU.Build.0 = Release|Any CPU
		{A995D5CA-0A00-45ED-812B-110EE38D8FE7}.Release|x64.ActiveCfg = Release|x64
		{A995D5CA-0A00-45ED-812B-110EE38D8FE7}.Release|x64.Build.0 = Release|x64
		{A995D5CA-0A00-45ED-812B-110EE38D8FE7}.Release|x86.ActiveCfg = Release|x86
		{A995D5CA-0A00-45ED-812B-110EE38D8FE7}.Release|x86.Build.0 = Release|x86
	EndGlobalSection
	GlobalSection(SolutionProperties) = preSolution
		HideSolutionNode = FALSE
	EndGlobalSection
	GlobalSection(ExtensibilityGlobals) = postSolution
		SolutionGuid = {10B897B6-A3A4-4595-9F7B-650A436464A7}
	EndGlobalSection
EndGlobal
